// !$*UTF8*$!
{
	archiveVersion = 1;
	classes = {
	};
	objectVersion = 46;
	objects = {

/* Begin PBXBuildFile section */
		84E37C491DB6125500E83E51 /* main.m in Sources */ = {isa = PBXBuildFile; fileRef = 84E37C481DB6125500E83E51 /* main.m */; };
		84E37C4C1DB6125500E83E51 /* AppDelegate.m in Sources */ = {isa = PBXBuildFile; fileRef = 84E37C4B1DB6125500E83E51 /* AppDelegate.m */; };
		84E37C4F1DB6125500E83E51 /* ViewController.m in Sources */ = {isa = PBXBuildFile; fileRef = 84E37C4E1DB6125500E83E51 /* ViewController.m */; };
		84E37C521DB6125500E83E51 /* Main.storyboard in Resources */ = {isa = PBXBuildFile; fileRef = 84E37C501DB6125500E83E51 /* Main.storyboard */; };
		84E37C541DB6125500E83E51 /* Assets.xcassets in Resources */ = {isa = PBXBuildFile; fileRef = 84E37C531DB6125500E83E51 /* Assets.xcassets */; };
		84E37C571DB6125500E83E51 /* LaunchScreen.storyboard in Resources */ = {isa = PBXBuildFile; fileRef = 84E37C551DB6125500E83E51 /* LaunchScreen.storyboard */; };
		84E37C601DB6126C00E83E51 /* CustomAlert.m in Sources */ = {isa = PBXBuildFile; fileRef = 84E37C5F1DB6126C00E83E51 /* CustomAlert.m */; };
/* End PBXBuildFile section */

/* Begin PBXFileReference section */
		84E37C441DB6125500E83E51 /* CustomAlertView.app */ = {isa = PBXFileReference; explicitFileType = wrapper.application; includeInIndex = 0; path = CustomAlertView.app; sourceTree = BUILT_PRODUCTS_DIR; };
		84E37C481DB6125500E83E51 /* main.m */ = {isa = PBXFileReference; lastKnownFileType = sourcecode.c.objc; path = main.m; sourceTree = "<group>"; };
		84E37C4A1DB6125500E83E51 /* AppDelegate.h */ = {isa = PBXFileReference; lastKnownFileType = sourcecode.c.h; path = AppDelegate.h; sourceTree = "<group>"; };
		84E37C4B1DB6125500E83E51 /* AppDelegate.m */ = {isa = PBXFileReference; lastKnownFileType = sourcecode.c.objc; path = AppDelegate.m; sourceTree = "<group>"; };
		84E37C4D1DB6125500E83E51 /* ViewController.h */ = {isa = PBXFileReference; lastKnownFileType = sourcecode.c.h; path = ViewController.h; sourceTree = "<group>"; };
		84E37C4E1DB6125500E83E51 /* ViewController.m */ = {isa = PBXFileReference; lastKnownFileType = sourcecode.c.objc; path = ViewController.m; sourceTree = "<group>"; };
		84E37C511DB6125500E83E51 /* Base */ = {isa = PBXFileReference; lastKnownFileType = file.storyboard; name = Base; path = Base.lproj/Main.storyboard; sourceTree = "<group>"; };
		84E37C531DB6125500E83E51 /* Assets.xcassets */ = {isa = PBXFileReference; lastKnownFileType = folder.assetcatalog; path = Assets.xcassets; sourceTree = "<group>"; };
		84E37C561DB6125500E83E51 /* Base */ = {isa = PBXFileReference; lastKnownFileType = file.storyboard; name = Base; path = Base.lproj/LaunchScreen.storyboard; sourceTree = "<group>"; };
		84E37C581DB6125500E83E51 /* Info.plist */ = {isa = PBXFileReference; lastKnownFileType = text.plist.xml; path = Info.plist; sourceTree = "<group>"; };
		84E37C5E1DB6126C00E83E51 /* CustomAlert.h */ = {isa = PBXFileReference; fileEncoding = 4; lastKnownFileType = sourcecode.c.h; path = CustomAlert.h; sourceTree = "<group>"; };
		84E37C5F1DB6126C00E83E51 /* CustomAlert.m */ = {isa = PBXFileReference; fileEncoding = 4; lastKnownFileType = sourcecode.c.objc; path = CustomAlert.m; sourceTree = "<group>"; };
/* End PBXFileReference section */

/* Begin PBXFrameworksBuildPhase section */
		84E37C411DB6125500E83E51 /* Frameworks */ = {
			isa = PBXFrameworksBuildPhase;
			buildActionMask = 2147483647;
			files = (
			);
			runOnlyForDeploymentPostprocessing = 0;
		};
/* End PBXFrameworksBuildPhase section */

/* Begin PBXGroup section */
		84E37C3B1DB6125500E83E51 = {
			isa = PBXGroup;
			children = (
				84E37C461DB6125500E83E51 /* CustomAlertView */,
				84E37C451DB6125500E83E51 /* Products */,
			);
			sourceTree = "<group>";
		};
		84E37C451DB6125500E83E51 /* Products */ = {
			isa = PBXGroup;
			children = (
				84E37C441DB6125500E83E51 /* CustomAlertView.app */,
			);
			name = Products;
			sourceTree = "<group>";
		};
		84E37C461DB6125500E83E51 /* CustomAlertView */ = {
			isa = PBXGroup;
			children = (
				84E37C5E1DB6126C00E83E51 /* CustomAlert.h */,
				84E37C5F1DB6126C00E83E51 /* CustomAlert.m */,
				84E37C4A1DB6125500E83E51 /* AppDelegate.h */,
				84E37C4B1DB6125500E83E51 /* AppDelegate.m */,
				84E37C4D1DB6125500E83E51 /* ViewController.h */,
				84E37C4E1DB6125500E83E51 /* ViewController.m */,
				84E37C501DB6125500E83E51 /* Main.storyboard */,
				84E37C531DB6125500E83E51 /* Assets.xcassets */,
				84E37C551DB6125500E83E51 /* LaunchScreen.storyboard */,
				84E37C581DB6125500E83E51 /* Info.plist */,
				84E37C471DB6125500E83E51 /* Supporting Files */,
			);
			path = CustomAlertView;
			sourceTree = "<group>";
		};
		84E37C471DB6125500E83E51 /* Supporting Files */ = {
			isa = PBXGroup;
			children = (
				84E37C481DB6125500E83E51 /* main.m */,
			);
			name = "Supporting Files";
			sourceTree = "<group>";
		};
/* End PBXGroup section */

/* Begin PBXNativeTarget section */
		84E37C431DB6125500E83E51 /* CustomAlertView */ = {
			isa = PBXNativeTarget;
			buildConfigurationList = 84E37C5B1DB6125500E83E51 /* Build configuration list for PBXNativeTarget "CustomAlertView" */;
			buildPhases = (
				84E37C401DB6125500E83E51 /* Sources */,
				84E37C411DB6125500E83E51 /* Frameworks */,
				84E37C421DB6125500E83E51 /* Resources */,
			);
			buildRules = (
			);
			dependencies = (
			);
			name = CustomAlertView;
			productName = CustomAlertView;
			productReference = 84E37C441DB6125500E83E51 /* CustomAlertView.app */;
			productType = "com.apple.product-type.application";
		};
/* End PBXNativeTarget section */

/* Begin PBXProject section */
		84E37C3C1DB6125500E83E51 /* Project object */ = {
			isa = PBXProject;
			attributes = {
				LastUpgradeCheck = 0800;
				ORGANIZATIONNAME = Wangys;
				TargetAttributes = {
					84E37C431DB6125500E83E51 = {
						CreatedOnToolsVersion = 8.0;
						ProvisioningStyle = Automatic;
					};
				};
			};
			buildConfigurationList = 84E37C3F1DB6125500E83E51 /* Build configuration list for PBXProject "CustomAlertView" */;
			compatibilityVersion = "Xcode 3.2";
			developmentRegion = English;
			hasScannedForEncodings = 0;
			knownRegions = (
				en,
				Base,
			);
			mainGroup = 84E37C3B1DB6125500E83E51;
			productRefGroup = 84E37C451DB6125500E83E51 /* Products */;
			projectDirPath = "";
			projectRoot = "";
			targets = (
				84E37C431DB6125500E83E51 /* CustomAlertView */,
			);
		};
/* End PBXProject section */

/* Begin PBXResourcesBuildPhase section */
		84E37C421DB6125500E83E51 /* Resources */ = {
			isa = PBXResourcesBuildPhase;
			buildActionMask = 2147483647;
			files = (
				84E37C571DB6125500E83E51 /* LaunchScreen.storyboard in Resources */,
				84E37C541DB6125500E83E51 /* Assets.xcassets in Resources */,
				84E37C521DB6125500E83E51 /* Main.storyboard in Resources */,
			);
			runOnlyForDeploymentPostprocessing = 0;
		};
/* End PBXResourcesBuildPhase section */

/* Begin PBXSourcesBuildPhase section */
		84E37C401DB6125500E83E51 /* Sources */ = {
			isa = PBXSourcesBuildPhase;
			buildActionMask = 2147483647;
			files = (
				84E37C4F1DB6125500E83E51 /* ViewController.m in Sources */,
				84E37C4C1DB6125500E83E51 /* AppDelegate.m in Sources */,
				84E37C491DB6125500E83E51 /* main.m in Sources */,
				84E37C601DB6126C00E83E51 /* CustomAlert.m in Sources */,
			);
			runOnlyForDeploymentPostprocessing = 0;
		};
/* End PBXSourcesBuildPhase section */

/* Begin PBXVariantGroup section */
		84E37C501DB6125500E83E51 /* Main.storyboard */ = {
			isa = PBXVariantGroup;
			children = (
				84E37C511DB6125500E83E51 /* Base */,
			);
			name = Main.storyboard;
			sourceTree = "<group>";
		};
		84E37C551DB6125500E83E51 /* LaunchScreen.storyboard */ = {
			isa = PBXVariantGroup;
			children = (
				84E37C561DB6125500E83E51 /* Base */,
			);
			name = LaunchScreen.storyboard;
			sourceTree = "<group>";
		};
/* End PBXVariantGroup section */

/* Begin XCBuildConfiguration section */
		84E37C591DB6125500E83E51 /* Debug */ = {
			isa = XCBuildConfiguration;
			buildSettings = {
				ALWAYS_SEARCH_USER_PATHS = NO;
				CLANG_ANALYZER_NONNULL = YES;
				CLANG_CXX_LANGUAGE_STANDARD = "gnu++0x";
				CLANG_CXX_LIBRARY = "libc++";
				CLANG_ENABLE_MODULES = YES;
				CLANG_ENABLE_OBJC_ARC = YES;
				CLANG_WARN_BOOL_CONVERSION = YES;
				CLANG_WARN_CONSTANT_CONVERSION = YES;
				CLANG_WARN_DIRECT_OBJC_ISA_USAGE = YES_ERROR;
				CLANG_WARN_DOCUMENTATION_COMMENTS = YES;
				CLANG_WARN_EMPTY_BODY = YES;
				CLANG_WARN_ENUM_CONVERSION = YES;
				CLANG_WARN_INFINITE_RECURSION = YES;
				CLANG_WARN_INT_CONVERSION = YES;
				CLANG_WARN_OBJC_ROOT_CLASS = YES_ERROR;
				CLANG_WARN_SUSPICIOUS_MOVES = YES;
				CLANG_WARN_UNREACHABLE_CODE = YES;
				CLANG_WARN__DUPLICATE_METHOD_MATCH = YES;
				"CODE_SIGN_IDENTITY[sdk=iphoneos*]" = "iPhone Developer";
				COPY_PHASE_STRIP = NO;
				DEBUG_INFORMATION_FORMAT = dwarf;
				ENABLE_STRICT_OBJC_MSGSEND = YES;
				ENABLE_TESTABILITY = YES;
				GCC_C_LANGUAGE_STANDARD = gnu99;
				GCC_DYNAMIC_NO_PIC = NO;
				GCC_NO_COMMON_BLOCKS = YES;
				GCC_OPTIMIZATION_LEVEL = 0;
				GCC_PREPROCESSOR_DEFINITIONS = (
					"DEBUG=1",
					"$(inherited)",
				);
				GCC_WARN_64_TO_32_BIT_CONVERSION = YES;
				GCC_WARN_ABOUT_RETURN_TYPE = YES_ERROR;
				GCC_WARN_UNDECLARED_SELECTOR = YES;
				GCC_WARN_UNINITIALIZED_AUTOS = YES_AGGRESSIVE;
				GCC_WARN_UNUSED_FUNCTION = YES;
				GCC_WARN_UNUSED_VARIABLE = YES;
				IPHONEOS_DEPLOYMENT_TARGET = 8.0;
				MTL_ENABLE_DEBUG_INFO = YES;
				ONLY_ACTIVE_ARCH = YES;
				SDKROOT = iphoneos;
			};
			name = Debug;
		};
		84E37C5A1DB6125500E83E51 /* Release */ = {
			isa = XCBuildConfiguration;
			buildSettings = {
				ALWAYS_SEARCH_USER_PATHS = NO;
				CLANG_ANALYZER_NONNULL = YES;
				CLANG_CXX_LANGUAGE_STANDARD = "gnu++0x";
				CLANG_CXX_LIBRARY = "libc++";
				CLANG_ENABLE_MODULES = YES;
				CLANG_ENABLE_OBJC_ARC = YES;
				CLANG_WARN_BOOL_CONVERSION = YES;
				CLANG_WARN_CONSTANT_CONVERSION = YES;
				CLANG_WARN_DIRECT_OBJC_ISA_USAGE = YES_ERROR;
				CLANG_WARN_DOCUMENTATION_COMMENTS = YES;
				CLANG_WARN_EMPTY_BODY = YES;
				CLANG_WARN_ENUM_CONVERSION = YES;
				CLANG_WARN_INFINITE_RECURSION = YES;
				CLANG_WARN_INT_CONVERSION = YES;
				CLANG_WARN_OBJC_ROOT_CLASS = YES_ERROR;
				CLANG_WARN_SUSPICIOUS_MOVES = YES;
				CLANG_WARN_UNREACHABLE_CODE = YES;
				CLANG_WARN__DUPLICATE_METHOD_MATCH = YES;
				"CODE_SIGN_IDENTITY[sdk=iphoneos*]" = "iPhone Developer";
				COPY_PHASE_STRIP = NO;
				DEBUG_INFORMATION_FORMAT = "dwarf-with-dsym";
				ENABLE_NS_ASSERTIONS = NO;
				ENABLE_STRICT_OBJC_MSGSEND = YES;
				GCC_C_LANGUAGE_STANDARD = gnu99;
				GCC_NO_COMMON_BLOCKS = YES;
				GCC_WARN_64_TO_32_BIT_CONVERSION = YES;
				GCC_WARN_ABOUT_RETURN_TYPE = YES_ERROR;
				GCC_WARN_UNDECLARED_SELECTOR = YES;
				GCC_WARN_UNINITIALIZED_AUTOS = YES_AGGRESSIVE;
				GCC_WARN_UNUSED_FUNCTION = YES;
				GCC_WARN_UNUSED_VARIABLE = YES;
				IPHONEOS_DEPLOYMENT_TARGET = 8.0;
				MTL_ENABLE_DEBUG_INFO = NO;
				SDKROOT = iphoneos;
				VALIDATE_PRODUCT = YES;
			};
			name = Release;
		};
		84E37C5C1DB6125500E83E51 /* Debug */ = {
			isa = XCBuildConfiguration;
			buildSettings = {
				ASSETCATALOG_COMPILER_APPICON_NAME = AppIcon;
				INFOPLIST_FILE = CustomAlertView/Info.plist;
				IPHONEOS_DEPLOYMENT_TARGET = 8.0;
				LD_RUNPATH_SEARCH_PATHS = "$(inherited) @executable_path/Frameworks";
				PRODUCT_BUNDLE_IDENTIFIER = com.xiongmao.CustomAlertView;
				PRODUCT_NAME = "$(TARGET_NAME)";
			};
			name = Debug;
		};
		84E37C5D1DB6125500E83E51 /* Release */ = {
			isa = XCBuildConfiguration;
			buildSettings = {
				ASSETCATALOG_COMPILER_APPICON_NAME = AppIcon;
				INFOPLIST_FILE = CustomAlertView/Info.plist;
				IPHONEOS_DEPLOYMENT_TARGET = 8.0;
				LD_RUNPATH_SEARCH_PATHS = "$(inherited) @executable_path/Frameworks";
				PRODUCT_BUNDLE_IDENTIFIER = com.xiongmao.CustomAlertView;
				PRODUCT_NAME = "$(TARGET_NAME)";
			};
			name = Release;
		};
/* End XCBuildConfiguration section */

/* Begin XCConfigurationList section */
		84E37C3F1DB6125500E83E51 /* Build configuration list for PBXProject "CustomAlertView" */ = {
			isa = XCConfigurationList;
			buildConfigurations = (
				84E37C591DB6125500E83E51 /* Debug */,
				84E37C5A1DB6125500E83E51 /* Release */,
			);
			defaultConfigurationIsVisible = 0;
			defaultConfigurationName = Release;
		};
		84E37C5B1DB6125500E83E51 /* Build configuration list for PBXNativeTarget "CustomAlertView" */ = {
			isa = XCConfigurationList;
			buildConfigurations = (
				84E37C5C1DB6125500E83E51 /* Debug */,
				84E37C5D1DB6125500E83E51 /* Release */,
			);
			defaultConfigurationIsVisible = 0;
			defaultConfigurationName = Release;
		};
/* End XCConfigurationList section */
	};
	rootObject = 84E37C3C1DB6125500E83E51 /* Project object */;
}
